
Microsoft Visual Studio Solution File, Format Version 12.00
# Visual Studio 15
VisualStudioVersion = 15.0.27428.2043
MinimumVisualStudioVersion = 10.0.40219.1
Project("{9A19103F-16F7-4668-BE54-9A1E7A4F7556}") = "Agoda.Frameworks.LoadBalancing", "Agoda.Frameworks.LoadBalancing\Agoda.Frameworks.LoadBalancing.csproj", "{D8E265D7-442C-4BE7-952E-9980D6EFD7A1}"
EndProject
Project("{9A19103F-16F7-4668-BE54-9A1E7A4F7556}") = "Agoda.Frameworks.DB", "Agoda.Frameworks.DB\Agoda.Frameworks.DB.csproj", "{2FFB888A-F59C-493A-932A-ADA3F45926D7}"
EndProject
Project("{9A19103F-16F7-4668-BE54-9A1E7A4F7556}") = "Agoda.Frameworks.LoadBalancing.Tests", "Agoda.Frameworks.LoadBalancing.Tests\Agoda.Frameworks.LoadBalancing.Tests.csproj", "{A2AB4916-A2D5-4B7E-852A-D8C743649850}"
EndProject
Project("{9A19103F-16F7-4668-BE54-9A1E7A4F7556}") = "Agoda.Frameworks.DB.Tests", "Agoda.Frameworks.DB.Tests\Agoda.Frameworks.DB.Tests.csproj", "{1A04B5BB-0F08-4418-9767-549495836773}"
EndProject
Project("{9A19103F-16F7-4668-BE54-9A1E7A4F7556}") = "Agoda.Frameworks.Http", "Agoda.Frameworks.Http\Agoda.Frameworks.Http.csproj", "{EC72BFE9-C03A-4A5E-806E-44FF61C4C5C5}"
EndProject
Project("{9A19103F-16F7-4668-BE54-9A1E7A4F7556}") = "Agoda.Frameworks.Http.Tests", "Agoda.Frameworks.Http.Tests\Agoda.Frameworks.Http.Tests.csproj", "{06096CE9-4987-435F-A5DC-1C65CB536A24}"
EndProject
Project("{2150E333-8FDC-42A3-9474-1A3956D46DE8}") = "samples", "samples", "{8965557D-C1E0-4647-934D-4DDA544A9DF4}"
EndProject
Project("{9A19103F-16F7-4668-BE54-9A1E7A4F7556}") = "HttpClientFactorySample", "samples\HttpClientFactorySample\HttpClientFactorySample.csproj", "{1C23FCB4-EC50-4CD2-8823-C0413E29E580}"
EndProject
Project("{9A19103F-16F7-4668-BE54-9A1E7A4F7556}") = "MultiTypedClient", "samples\MultiTypedClient\MultiTypedClient.csproj", "{33B2E81D-34AE-405F-BFDC-66E0FD2C0813}"
EndProject
Project("{FAE04EC0-301F-11D3-BF4B-00C04F79EFBC}") = "Agoda.Frameworks.Http.AutoRestExt", "Agoda.Frameworks.Http.AutoRestExt\Agoda.Frameworks.Http.AutoRestExt.csproj", "{E89EAFEC-814F-4B11-8719-3A0889F6D551}"
EndProject
Global
	GlobalSection(SolutionConfigurationPlatforms) = preSolution
		Debug|Any CPU = Debug|Any CPU
		Release|Any CPU = Release|Any CPU
	EndGlobalSection
	GlobalSection(ProjectConfigurationPlatforms) = postSolution
		{D8E265D7-442C-4BE7-952E-9980D6EFD7A1}.Debug|Any CPU.ActiveCfg = Debug|Any CPU
		{D8E265D7-442C-4BE7-952E-9980D6EFD7A1}.Debug|Any CPU.Build.0 = Debug|Any CPU
		{D8E265D7-442C-4BE7-952E-9980D6EFD7A1}.Release|Any CPU.ActiveCfg = Release|Any CPU
		{D8E265D7-442C-4BE7-952E-9980D6EFD7A1}.Release|Any CPU.Build.0 = Release|Any CPU
		{2FFB888A-F59C-493A-932A-ADA3F45926D7}.Debug|Any CPU.ActiveCfg = Debug|Any CPU
		{2FFB888A-F59C-493A-932A-ADA3F45926D7}.Debug|Any CPU.Build.0 = Debug|Any CPU
		{2FFB888A-F59C-493A-932A-ADA3F45926D7}.Release|Any CPU.ActiveCfg = Release|Any CPU
		{2FFB888A-F59C-493A-932A-ADA3F45926D7}.Release|Any CPU.Build.0 = Release|Any CPU
		{A2AB4916-A2D5-4B7E-852A-D8C743649850}.Debug|Any CPU.ActiveCfg = Debug|Any CPU
		{A2AB4916-A2D5-4B7E-852A-D8C743649850}.Debug|Any CPU.Build.0 = Debug|Any CPU
		{A2AB4916-A2D5-4B7E-852A-D8C743649850}.Release|Any CPU.ActiveCfg = Release|Any CPU
		{A2AB4916-A2D5-4B7E-852A-D8C743649850}.Release|Any CPU.Build.0 = Release|Any CPU
		{1A04B5BB-0F08-4418-9767-549495836773}.Debug|Any CPU.ActiveCfg = Debug|Any CPU
		{1A04B5BB-0F08-4418-9767-549495836773}.Debug|Any CPU.Build.0 = Debug|Any CPU
		{1A04B5BB-0F08-4418-9767-549495836773}.Release|Any CPU.ActiveCfg = Release|Any CPU
		{1A04B5BB-0F08-4418-9767-549495836773}.Release|Any CPU.Build.0 = Release|Any CPU
		{EC72BFE9-C03A-4A5E-806E-44FF61C4C5C5}.Debug|Any CPU.ActiveCfg = Debug|Any CPU
		{EC72BFE9-C03A-4A5E-806E-44FF61C4C5C5}.Debug|Any CPU.Build.0 = Debug|Any CPU
		{EC72BFE9-C03A-4A5E-806E-44FF61C4C5C5}.Release|Any CPU.ActiveCfg = Release|Any CPU
		{EC72BFE9-C03A-4A5E-806E-44FF61C4C5C5}.Release|Any CPU.Build.0 = Release|Any CPU
		{06096CE9-4987-435F-A5DC-1C65CB536A24}.Debug|Any CPU.ActiveCfg = Debug|Any CPU
		{06096CE9-4987-435F-A5DC-1C65CB536A24}.Debug|Any CPU.Build.0 = Debug|Any CPU
		{06096CE9-4987-435F-A5DC-1C65CB536A24}.Release|Any CPU.ActiveCfg = Release|Any CPU
		{06096CE9-4987-435F-A5DC-1C65CB536A24}.Release|Any CPU.Build.0 = Release|Any CPU
		{1C23FCB4-EC50-4CD2-8823-C0413E29E580}.Debug|Any CPU.ActiveCfg = Debug|Any CPU
		{1C23FCB4-EC50-4CD2-8823-C0413E29E580}.Release|Any CPU.ActiveCfg = Release|Any CPU
		{1C23FCB4-EC50-4CD2-8823-C0413E29E580}.Release|Any CPU.Build.0 = Release|Any CPU
		{33B2E81D-34AE-405F-BFDC-66E0FD2C0813}.Debug|Any CPU.ActiveCfg = Debug|Any CPU
		{33B2E81D-34AE-405F-BFDC-66E0FD2C0813}.Release|Any CPU.ActiveCfg = Release|Any CPU
		{33B2E81D-34AE-405F-BFDC-66E0FD2C0813}.Release|Any CPU.Build.0 = Release|Any CPU
		{E89EAFEC-814F-4B11-8719-3A0889F6D551}.Debug|Any CPU.ActiveCfg = Debug|Any CPU
		{E89EAFEC-814F-4B11-8719-3A0889F6D551}.Debug|Any CPU.Build.0 = Debug|Any CPU
		{E89EAFEC-814F-4B11-8719-3A0889F6D551}.Release|Any CPU.ActiveCfg = Release|Any CPU
		{E89EAFEC-814F-4B11-8719-3A0889F6D551}.Release|Any CPU.Build.0 = Release|Any CPU
	EndGlobalSection
	GlobalSection(SolutionProperties) = preSolution
		HideSolutionNode = FALSE
	EndGlobalSection
	GlobalSection(NestedProjects) = preSolution
		{1C23FCB4-EC50-4CD2-8823-C0413E29E580} = {8965557D-C1E0-4647-934D-4DDA544A9DF4}
		{33B2E81D-34AE-405F-BFDC-66E0FD2C0813} = {8965557D-C1E0-4647-934D-4DDA544A9DF4}
	EndGlobalSection
	GlobalSection(ExtensibilityGlobals) = postSolution
		SolutionGuid = {16A6D069-AEFB-4745-83DF-0EA259D456E6}
	EndGlobalSection
EndGlobal
